# This file is automatically @generated by pesde.
# It is not intended for manual editing.
format = 2
name = "tabthedev/signally"
version = "0.1.8"
target = "roblox"

[graph."0x5eal/unzip@0.2.0 luau".pkg_ref]
ref_ty = "pesde"
index_url = "https://github.com/pesde-pkg/index"

[graph."0x5eal/unzip@0.2.0 luau".pkg_ref.dependencies]
asciitable = [{ name = "kimpure/asciitable", version = "^0.2.3", index = "https://github.com/pesde-pkg/index" }, "dev"]
dirs = [{ name = "jiwonz/dirs", version = "^0.6.0", index = "https://github.com/pesde-pkg/index", target = "lune" }, "dev"]
frktest = [{ name = "itsfrank/frktest", version = "^0.0.4", index = "https://github.com/pesde-pkg/index" }, "dev"]
luau-lsp = [{ name = "pesde/luau_lsp", version = "=1.53.2", index = "https://github.com/pesde-pkg/index", target = "lune" }, "dev"]
stylua = [{ name = "pesde/stylua", version = "=2.1.0", index = "https://github.com/pesde-pkg/index", target = "lune" }, "dev"]

[graph."caveful_games/argparse@0.1.2 lune".pkg_ref]
ref_ty = "pesde"
index_url = "https://github.com/pesde-pkg/index"

[graph."caveful_games/argparse@0.1.2 lune".pkg_ref.dependencies]
luau_check = [{ name = "jiwonz/luau_check", version = "^0.2.0", index = "https://github.com/pesde-pkg/index" }, "dev"]
luau_lsp = [{ name = "pesde/luau_lsp", version = "^1.38.0", index = "https://github.com/pesde-pkg/index" }, "dev"]
selene = [{ name = "pesde/selene", version = "^0.27.1", index = "https://github.com/pesde-pkg/index" }, "dev"]
stylua = [{ name = "pesde/stylua", version = "^2.0.2", index = "https://github.com/pesde-pkg/index" }, "dev"]

[graph."ewdev/multitarget@0.4.2-rc.7 lune"]
direct = ["multitarget", { name = "ewdev/multitarget", version = "^0.4.2-rc.7", index = "default", target = "lune" }, "dev"]

[graph."ewdev/multitarget@0.4.2-rc.7 lune".dependencies]
argparse = ["caveful_games/argparse@0.1.2 lune", "standard"]
chalk_luau = ["kimpure/chalk_luau@0.1.8 luau", "standard"]
darklua_lune = ["jiwonz/darklua_lune@0.3.0 lune", "standard"]
glob = ["jiwonz/glob@0.2.0 lune", "standard"]
greentea = ["jiwonz/greentea_luau@0.2.0 luau", "standard"]
luau_path = ["jiwonz/luau_path@0.2.0 luau", "standard"]
pathfs = ["jiwonz/pathfs@0.6.0 lune", "standard"]
result = ["lukadev_0/result@1.2.1 lune", "standard"]

[graph."ewdev/multitarget@0.4.2-rc.7 lune".pkg_ref]
ref_ty = "pesde"
index_url = "https://github.com/pesde-pkg/index"

[graph."ewdev/multitarget@0.4.2-rc.7 lune".pkg_ref.dependencies]
argparse = [{ name = "caveful_games/argparse", version = "^0.1.2", index = "https://github.com/pesde-pkg/index" }, "standard"]
chalk_luau = [{ name = "kimpure/chalk_luau", version = "^0.1.8", index = "https://github.com/pesde-pkg/index", target = "luau" }, "standard"]
darklua_lune = [{ name = "jiwonz/darklua_lune", version = "^0.3.0", index = "https://github.com/pesde-pkg/index" }, "standard"]
glob = [{ name = "jiwonz/glob", version = "^0.2.0", index = "https://github.com/pesde-pkg/index" }, "standard"]
greentea = [{ name = "jiwonz/greentea_luau", version = "^0.2.0", index = "https://github.com/pesde-pkg/index", target = "luau" }, "standard"]
luau_path = [{ name = "jiwonz/luau_path", version = "^0.2.0", index = "https://github.com/pesde-pkg/index", target = "luau" }, "standard"]
pathfs = [{ name = "jiwonz/pathfs", version = "^0.6.0", index = "https://github.com/pesde-pkg/index" }, "standard"]
result = [{ name = "lukadev_0/result", version = "^1.2.1", index = "https://github.com/pesde-pkg/index" }, "standard"]

[graph."jiwonz/darklua_lune@0.3.0 lune".dependencies]
dirs = ["jiwonz/dirs@0.6.0 lune", "standard"]
greentea = ["jiwonz/greentea_luau@0.2.0 luau", "standard"]

[graph."jiwonz/darklua_lune@0.3.0 lune".pkg_ref]
ref_ty = "pesde"
index_url = "https://github.com/pesde-pkg/index"

[graph."jiwonz/darklua_lune@0.3.0 lune".pkg_ref.dependencies]
dirs = [{ name = "jiwonz/dirs", version = "^0.6.0", index = "https://github.com/pesde-pkg/index" }, "standard"]
greentea = [{ name = "jiwonz/greentea_luau", version = "^0.2.0", index = "https://github.com/pesde-pkg/index", target = "luau" }, "standard"]

[graph."jiwonz/dirs@0.6.0 lune".dependencies]
greentea = ["jiwonz/greentea_luau@0.2.0 luau", "standard"]
pathfs = ["jiwonz/pathfs@0.6.0 lune", "standard"]

[graph."jiwonz/dirs@0.6.0 lune".pkg_ref]
ref_ty = "pesde"
index_url = "https://github.com/pesde-pkg/index"

[graph."jiwonz/dirs@0.6.0 lune".pkg_ref.dependencies]
greentea = [{ name = "jiwonz/greentea_luau", version = "^0.2.0", index = "https://github.com/pesde-pkg/index", target = "luau" }, "standard"]
pathfs = [{ name = "jiwonz/pathfs", version = "^0.6.0", index = "https://github.com/pesde-pkg/index" }, "standard"]

[graph."jiwonz/glob@0.2.0 lune".dependencies]
globrex_lune = ["kimpure/globrex_lune@0.2.9 lune", "standard"]
pathfs = ["jiwonz/pathfs@0.6.0 lune", "standard"]

[graph."jiwonz/glob@0.2.0 lune".pkg_ref]
ref_ty = "pesde"
index_url = "https://github.com/pesde-pkg/index"

[graph."jiwonz/glob@0.2.0 lune".pkg_ref.dependencies]
globrex_lune = [{ name = "kimpure/globrex_lune", version = "^0.2.9", index = "https://github.com/pesde-pkg/index" }, "standard"]
pathfs = [{ name = "jiwonz/pathfs", version = "^0.6.0", index = "https://github.com/pesde-pkg/index" }, "standard"]

[graph."jiwonz/greentea_luau@0.2.0 luau".pkg_ref]
ref_ty = "pesde"
index_url = "https://github.com/pesde-pkg/index"

[graph."jiwonz/luau_disk@0.2.0 luau".pkg_ref]
ref_ty = "pesde"
index_url = "https://github.com/pesde-pkg/index"

[graph."jiwonz/luau_path@0.2.0 luau".dependencies]
luau_disk = ["jiwonz/luau_disk@0.2.0 luau", "standard"]

[graph."jiwonz/luau_path@0.2.0 luau".pkg_ref]
ref_ty = "pesde"
index_url = "https://github.com/pesde-pkg/index"

[graph."jiwonz/luau_path@0.2.0 luau".pkg_ref.dependencies]
luau_disk = [{ name = "jiwonz/luau_disk", version = "^0.2.0", index = "https://github.com/pesde-pkg/index" }, "standard"]

[graph."jiwonz/luau_regexp@0.1.3 luau".pkg_ref]
ref_ty = "pesde"
index_url = "https://github.com/pesde-pkg/index"

[graph."jiwonz/pathfs@0.6.0 lune".dependencies]
greentea = ["jiwonz/greentea_luau@0.2.0 luau", "standard"]
luau_path = ["jiwonz/luau_path@0.2.0 luau", "standard"]

[graph."jiwonz/pathfs@0.6.0 lune".pkg_ref]
ref_ty = "pesde"
index_url = "https://github.com/pesde-pkg/index"

[graph."jiwonz/pathfs@0.6.0 lune".pkg_ref.dependencies]
frktest = [{ name = "itsfrank/frktest", version = "^0.0.4", index = "https://github.com/pesde-pkg/index", target = "luau" }, "dev"]
greentea = [{ name = "jiwonz/greentea_luau", version = "^0.2.0", index = "https://github.com/pesde-pkg/index", target = "luau" }, "standard"]
luau_path = [{ name = "jiwonz/luau_path", version = "^0.2.0", index = "https://github.com/pesde-pkg/index", target = "luau" }, "standard"]

[graph."kimpure/chalk_luau@0.1.8 luau".pkg_ref]
ref_ty = "pesde"
index_url = "https://github.com/pesde-pkg/index"

[graph."kimpure/chalk_luau@0.1.8 luau".pkg_ref.dependencies]
darklua = [{ name = "pesde/darklua", version = "^0.16.0", index = "https://github.com/pesde-pkg/index", target = "lune" }, "dev"]
multitarget = [{ name = "jiwonz/multitarget", version = "^0.4.0-rc.28", index = "https://github.com/pesde-pkg/index", target = "lune" }, "dev"]

[graph."kimpure/globrex_lune@0.2.9 lune".dependencies]
luau_regexp = ["jiwonz/luau_regexp@0.1.3 luau", "standard"]

[graph."kimpure/globrex_lune@0.2.9 lune".pkg_ref]
ref_ty = "pesde"
index_url = "https://github.com/pesde-pkg/index"

[graph."kimpure/globrex_lune@0.2.9 lune".pkg_ref.dependencies]
luau_check = [{ name = "jiwonz/luau_check", version = "^0.2.2", index = "https://github.com/pesde-pkg/index" }, "dev"]
luau_lsp = [{ name = "pesde/luau_lsp", version = "^1.38.1", index = "https://github.com/pesde-pkg/index" }, "dev"]
luau_regexp = [{ name = "jiwonz/luau_regexp", version = "^0.1.0", index = "https://github.com/pesde-pkg/index", target = "luau" }, "standard"]
selene = [{ name = "pesde/selene", version = "^0.27.1", index = "https://github.com/pesde-pkg/index" }, "dev"]
stylua = [{ name = "pesde/stylua", version = "^2.0.2", index = "https://github.com/pesde-pkg/index" }, "dev"]

[graph."lukadev_0/option@1.2.1 lune".pkg_ref]
ref_ty = "pesde"
index_url = "https://github.com/pesde-pkg/index"

[graph."lukadev_0/result@1.2.1 lune".pkg_ref]
ref_ty = "pesde"
index_url = "https://github.com/pesde-pkg/index"

[graph."pesde/darklua@0.17.2 lune"]
direct = ["darklua", { name = "pesde/darklua", version = "^0.17.2", index = "default", target = "lune" }, "dev"]

[graph."pesde/darklua@0.17.2 lune".dependencies]
option = ["lukadev_0/option@1.2.1 lune", "standard"]
result = ["lukadev_0/result@1.2.1 lune", "standard"]
toolchainlib = ["pesde/toolchainlib@0.2.1 lune", "standard"]

[graph."pesde/darklua@0.17.2 lune".pkg_ref]
ref_ty = "pesde"
index_url = "https://github.com/pesde-pkg/index"

[graph."pesde/darklua@0.17.2 lune".pkg_ref.dependencies]
option = [{ name = "lukadev_0/option", version = "^1.2.1", index = "https://github.com/pesde-pkg/index" }, "standard"]
result = [{ name = "lukadev_0/result", version = "^1.2.1", index = "https://github.com/pesde-pkg/index" }, "standard"]
toolchainlib = [{ name = "pesde/toolchainlib", version = "^0.2.0", index = "https://github.com/pesde-pkg/index", target = "lune" }, "standard"]

[graph."pesde/toolchainlib@0.2.1 lune".dependencies]
dirs = ["jiwonz/dirs@0.6.0 lune", "standard"]
option = ["lukadev_0/option@1.2.1 lune", "peer"]
pathfs = ["jiwonz/pathfs@0.6.0 lune", "standard"]
result = ["lukadev_0/result@1.2.1 lune", "peer"]
unzip = ["0x5eal/unzip@0.2.0 luau", "standard"]

[graph."pesde/toolchainlib@0.2.1 lune".pkg_ref]
ref_ty = "pesde"
index_url = "https://github.com/pesde-pkg/index"

[graph."pesde/toolchainlib@0.2.1 lune".pkg_ref.dependencies]
dirs = [{ name = "jiwonz/dirs", version = "^0.6.0", index = "https://github.com/pesde-pkg/index" }, "standard"]
option = [{ name = "lukadev_0/option", version = "^1.2.1", index = "https://github.com/pesde-pkg/index" }, "peer"]
pathfs = [{ name = "jiwonz/pathfs", version = "^0.6.0", index = "https://github.com/pesde-pkg/index" }, "standard"]
result = [{ name = "lukadev_0/result", version = "^1.2.1", index = "https://github.com/pesde-pkg/index" }, "peer"]
unzip = [{ name = "0x5eal/unzip", version = "^0.2.0", index = "https://github.com/pesde-pkg/index", target = "luau" }, "standard"]
